// !$*UTF8*$!
{
	archiveVersion = 1;
	classes = {
	};
	objectVersion = 56;
	objects = {

/* Begin PBXBuildFile section */
		100000000000000000000001 /* TactiCoreAIApp.swift in Sources */ = {isa = PBXBuildFile; fileRef = 200000000000000000000001 /* TactiCoreAIApp.swift */; };
		100000000000000000000002 /* TactiCoreModels.swift in Sources */ = {isa = PBXBuildFile; fileRef = 200000000000000000000002 /* TactiCoreModels.swift */; };
		100000000000000000000003 /* AIService.swift in Sources */ = {isa = PBXBuildFile; fileRef = 200000000000000000000003 /* AIService.swift */; };
		100000000000000000000004 /* AppServices.swift in Sources */ = {isa = PBXBuildFile; fileRef = 200000000000000000000004 /* AppServices.swift */; };
		100000000000000000000005 /* VoiceServices.swift in Sources */ = {isa = PBXBuildFile; fileRef = 200000000000000000000005 /* VoiceServices.swift */; };
		100000000000000000000006 /* TacticalEnginePlaceholder.swift in Sources */ = {isa = PBXBuildFile; fileRef = 200000000000000000000006 /* TacticalEnginePlaceholder.swift */; };
		100000000000000000000007 /* HumanAssetCatalog.swift in Sources */ = {isa = PBXBuildFile; fileRef = 200000000000000000000007 /* HumanAssetCatalog.swift */; };
		100000000000000000000008 /* CoachingDisclaimer.swift in Sources */ = {isa = PBXBuildFile; fileRef = 200000000000000000000008 /* CoachingDisclaimer.swift */; };
		100000000000000000000009 /* BrandSystem.swift in Sources */ = {isa = PBXBuildFile; fileRef = 200000000000000000000009 /* BrandSystem.swift */; };
		100000000000000000000010 /* CoreComponents.swift in Sources */ = {isa = PBXBuildFile; fileRef = 200000000000000000000010 /* CoreComponents.swift */; };
		100000000000000000000011 /* PitchAndAnimationComponents.swift in Sources */ = {isa = PBXBuildFile; fileRef = 200000000000000000000011 /* PitchAndAnimationComponents.swift */; };
		100000000000000000000012 /* OnboardingViewModel.swift in Sources */ = {isa = PBXBuildFile; fileRef = 200000000000000000000012 /* OnboardingViewModel.swift */; };
		100000000000000000000013 /* DashboardViewModel.swift in Sources */ = {isa = PBXBuildFile; fileRef = 200000000000000000000013 /* DashboardViewModel.swift */; };
		100000000000000000000014 /* SessionGeneratorViewModel.swift in Sources */ = {isa = PBXBuildFile; fileRef = 200000000000000000000014 /* SessionGeneratorViewModel.swift */; };
		100000000000000000000015 /* VoiceInputViewModel.swift in Sources */ = {isa = PBXBuildFile; fileRef = 200000000000000000000015 /* VoiceInputViewModel.swift */; };
		100000000000000000000016 /* MatchAnalysisViewModel.swift in Sources */ = {isa = PBXBuildFile; fileRef = 200000000000000000000016 /* MatchAnalysisViewModel.swift */; };
		100000000000000000000017 /* PlayerDevelopmentViewModel.swift in Sources */ = {isa = PBXBuildFile; fileRef = 200000000000000000000017 /* PlayerDevelopmentViewModel.swift */; };
		100000000000000000000018 /* AssistantViewModel.swift in Sources */ = {isa = PBXBuildFile; fileRef = 200000000000000000000018 /* AssistantViewModel.swift */; };
		100000000000000000000019 /* AppShellView.swift in Sources */ = {isa = PBXBuildFile; fileRef = 200000000000000000000019 /* AppShellView.swift */; };
		100000000000000000000020 /* OnboardingView.swift in Sources */ = {isa = PBXBuildFile; fileRef = 200000000000000000000020 /* OnboardingView.swift */; };
		100000000000000000000021 /* DashboardView.swift in Sources */ = {isa = PBXBuildFile; fileRef = 200000000000000000000021 /* DashboardView.swift */; };
		100000000000000000000022 /* AISessionGeneratorView.swift in Sources */ = {isa = PBXBuildFile; fileRef = 200000000000000000000022 /* AISessionGeneratorView.swift */; };
		100000000000000000000023 /* AnimatedDrillEngineView.swift in Sources */ = {isa = PBXBuildFile; fileRef = 200000000000000000000023 /* AnimatedDrillEngineView.swift */; };
		100000000000000000000024 /* VoiceInputView.swift in Sources */ = {isa = PBXBuildFile; fileRef = 200000000000000000000024 /* VoiceInputView.swift */; };
		100000000000000000000025 /* TacticalBoardScreen.swift in Sources */ = {isa = PBXBuildFile; fileRef = 200000000000000000000025 /* TacticalBoardScreen.swift */; };
		100000000000000000000026 /* MatchAnalysisView.swift in Sources */ = {isa = PBXBuildFile; fileRef = 200000000000000000000026 /* MatchAnalysisView.swift */; };
		100000000000000000000027 /* PlayerDevelopmentView.swift in Sources */ = {isa = PBXBuildFile; fileRef = 200000000000000000000027 /* PlayerDevelopmentView.swift */; };
		100000000000000000000028 /* SessionLibraryView.swift in Sources */ = {isa = PBXBuildFile; fileRef = 200000000000000000000028 /* SessionLibraryView.swift */; };
		100000000000000000000029 /* AnalyticsDashboardView.swift in Sources */ = {isa = PBXBuildFile; fileRef = 200000000000000000000029 /* AnalyticsDashboardView.swift */; };
		100000000000000000000030 /* ShareGraphicsView.swift in Sources */ = {isa = PBXBuildFile; fileRef = 200000000000000000000030 /* ShareGraphicsView.swift */; };
		100000000000000000000031 /* AICoachingAssistantView.swift in Sources */ = {isa = PBXBuildFile; fileRef = 200000000000000000000031 /* AICoachingAssistantView.swift */; };
		100000000000000000000032 /* PaywallView.swift in Sources */ = {isa = PBXBuildFile; fileRef = 200000000000000000000032 /* PaywallView.swift */; };
		100000000000000000000033 /* SettingsView.swift in Sources */ = {isa = PBXBuildFile; fileRef = 200000000000000000000033 /* SettingsView.swift */; };
		100000000000000000000034 /* WidgetsPlaceholder.swift in Sources */ = {isa = PBXBuildFile; fileRef = 200000000000000000000034 /* WidgetsPlaceholder.swift */; };
		100000000000000000000035 /* WatchPlaceholder.swift in Sources */ = {isa = PBXBuildFile; fileRef = 200000000000000000000035 /* WatchPlaceholder.swift */; };
/* End PBXBuildFile section */

/* Begin PBXFileReference section */
		200000000000000000000000 /* TactiCoreAI.app */ = {isa = PBXFileReference; explicitFileType = wrapper.application; includeInIndex = 0; path = TactiCoreAI.app; sourceTree = BUILT_PRODUCTS_DIR; };
		200000000000000000000001 /* TactiCoreAIApp.swift */ = {isa = PBXFileReference; lastKnownFileType = sourcecode.swift; path = TactiCoreAI/TactiCoreAIApp.swift; sourceTree = "<group>"; };
		200000000000000000000002 /* TactiCoreModels.swift */ = {isa = PBXFileReference; lastKnownFileType = sourcecode.swift; path = TactiCoreAI/Models/TactiCoreModels.swift; sourceTree = "<group>"; };
		200000000000000000000003 /* AIService.swift */ = {isa = PBXFileReference; lastKnownFileType = sourcecode.swift; path = TactiCoreAI/Services/AIService.swift; sourceTree = "<group>"; };
		200000000000000000000004 /* AppServices.swift */ = {isa = PBXFileReference; lastKnownFileType = sourcecode.swift; path = TactiCoreAI/Services/AppServices.swift; sourceTree = "<group>"; };
		200000000000000000000005 /* VoiceServices.swift */ = {isa = PBXFileReference; lastKnownFileType = sourcecode.swift; path = TactiCoreAI/Voice/VoiceServices.swift; sourceTree = "<group>"; };
		200000000000000000000006 /* TacticalEnginePlaceholder.swift */ = {isa = PBXFileReference; lastKnownFileType = sourcecode.swift; path = TactiCoreAI/TacticalEnginePlaceholder/TacticalEnginePlaceholder.swift; sourceTree = "<group>"; };
		200000000000000000000007 /* HumanAssetCatalog.swift */ = {isa = PBXFileReference; lastKnownFileType = sourcecode.swift; path = TactiCoreAI/HumanAssetsPlaceholder/HumanAssetCatalog.swift; sourceTree = "<group>"; };
		200000000000000000000008 /* CoachingDisclaimer.swift */ = {isa = PBXFileReference; lastKnownFileType = sourcecode.swift; path = TactiCoreAI/Resources/CoachingDisclaimer.swift; sourceTree = "<group>"; };
		200000000000000000000009 /* BrandSystem.swift */ = {isa = PBXFileReference; lastKnownFileType = sourcecode.swift; path = TactiCoreAI/Components/BrandSystem.swift; sourceTree = "<group>"; };
		200000000000000000000010 /* CoreComponents.swift */ = {isa = PBXFileReference; lastKnownFileType = sourcecode.swift; path = TactiCoreAI/Components/CoreComponents.swift; sourceTree = "<group>"; };
		200000000000000000000011 /* PitchAndAnimationComponents.swift */ = {isa = PBXFileReference; lastKnownFileType = sourcecode.swift; path = TactiCoreAI/Components/PitchAndAnimationComponents.swift; sourceTree = "<group>"; };
		200000000000000000000012 /* OnboardingViewModel.swift */ = {isa = PBXFileReference; lastKnownFileType = sourcecode.swift; path = TactiCoreAI/ViewModels/OnboardingViewModel.swift; sourceTree = "<group>"; };
		200000000000000000000013 /* DashboardViewModel.swift */ = {isa = PBXFileReference; lastKnownFileType = sourcecode.swift; path = TactiCoreAI/ViewModels/DashboardViewModel.swift; sourceTree = "<group>"; };
		200000000000000000000014 /* SessionGeneratorViewModel.swift */ = {isa = PBXFileReference; lastKnownFileType = sourcecode.swift; path = TactiCoreAI/ViewModels/SessionGeneratorViewModel.swift; sourceTree = "<group>"; };
		200000000000000000000015 /* VoiceInputViewModel.swift */ = {isa = PBXFileReference; lastKnownFileType = sourcecode.swift; path = TactiCoreAI/ViewModels/VoiceInputViewModel.swift; sourceTree = "<group>"; };
		200000000000000000000016 /* MatchAnalysisViewModel.swift */ = {isa = PBXFileReference; lastKnownFileType = sourcecode.swift; path = TactiCoreAI/ViewModels/MatchAnalysisViewModel.swift; sourceTree = "<group>"; };
		200000000000000000000017 /* PlayerDevelopmentViewModel.swift */ = {isa = PBXFileReference; lastKnownFileType = sourcecode.swift; path = TactiCoreAI/ViewModels/PlayerDevelopmentViewModel.swift; sourceTree = "<group>"; };
		200000000000000000000018 /* AssistantViewModel.swift */ = {isa = PBXFileReference; lastKnownFileType = sourcecode.swift; path = TactiCoreAI/ViewModels/AssistantViewModel.swift; sourceTree = "<group>"; };
		200000000000000000000019 /* AppShellView.swift */ = {isa = PBXFileReference; lastKnownFileType = sourcecode.swift; path = TactiCoreAI/Views/AppShellView.swift; sourceTree = "<group>"; };
		200000000000000000000020 /* OnboardingView.swift */ = {isa = PBXFileReference; lastKnownFileType = sourcecode.swift; path = TactiCoreAI/Views/Onboarding/OnboardingView.swift; sourceTree = "<group>"; };
		200000000000000000000021 /* DashboardView.swift */ = {isa = PBXFileReference; lastKnownFileType = sourcecode.swift; path = TactiCoreAI/Views/Dashboard/DashboardView.swift; sourceTree = "<group>"; };
		200000000000000000000022 /* AISessionGeneratorView.swift */ = {isa = PBXFileReference; lastKnownFileType = sourcecode.swift; path = TactiCoreAI/Views/Sessions/AISessionGeneratorView.swift; sourceTree = "<group>"; };
		200000000000000000000023 /* AnimatedDrillEngineView.swift */ = {isa = PBXFileReference; lastKnownFileType = sourcecode.swift; path = TactiCoreAI/Views/Sessions/AnimatedDrillEngineView.swift; sourceTree = "<group>"; };
		200000000000000000000024 /* VoiceInputView.swift */ = {isa = PBXFileReference; lastKnownFileType = sourcecode.swift; path = TactiCoreAI/Views/Voice/VoiceInputView.swift; sourceTree = "<group>"; };
		200000000000000000000025 /* TacticalBoardScreen.swift */ = {isa = PBXFileReference; lastKnownFileType = sourcecode.swift; path = TactiCoreAI/Views/TacticalBoard/TacticalBoardScreen.swift; sourceTree = "<group>"; };
		200000000000000000000026 /* MatchAnalysisView.swift */ = {isa = PBXFileReference; lastKnownFileType = sourcecode.swift; path = TactiCoreAI/Views/MatchAnalysis/MatchAnalysisView.swift; sourceTree = "<group>"; };
		200000000000000000000027 /* PlayerDevelopmentView.swift */ = {isa = PBXFileReference; lastKnownFileType = sourcecode.swift; path = TactiCoreAI/Views/PlayerDevelopment/PlayerDevelopmentView.swift; sourceTree = "<group>"; };
		200000000000000000000028 /* SessionLibraryView.swift */ = {isa = PBXFileReference; lastKnownFileType = sourcecode.swift; path = TactiCoreAI/Views/Library/SessionLibraryView.swift; sourceTree = "<group>"; };
		200000000000000000000029 /* AnalyticsDashboardView.swift */ = {isa = PBXFileReference; lastKnownFileType = sourcecode.swift; path = TactiCoreAI/Views/Analytics/AnalyticsDashboardView.swift; sourceTree = "<group>"; };
		200000000000000000000030 /* ShareGraphicsView.swift */ = {isa = PBXFileReference; lastKnownFileType = sourcecode.swift; path = TactiCoreAI/Views/ShareGraphics/ShareGraphicsView.swift; sourceTree = "<group>"; };
		200000000000000000000031 /* AICoachingAssistantView.swift */ = {isa = PBXFileReference; lastKnownFileType = sourcecode.swift; path = TactiCoreAI/Views/Assistant/AICoachingAssistantView.swift; sourceTree = "<group>"; };
		200000000000000000000032 /* PaywallView.swift */ = {isa = PBXFileReference; lastKnownFileType = sourcecode.swift; path = TactiCoreAI/Views/Paywall/PaywallView.swift; sourceTree = "<group>"; };
		200000000000000000000033 /* SettingsView.swift */ = {isa = PBXFileReference; lastKnownFileType = sourcecode.swift; path = TactiCoreAI/Views/Settings/SettingsView.swift; sourceTree = "<group>"; };
		200000000000000000000034 /* WidgetsPlaceholder.swift */ = {isa = PBXFileReference; lastKnownFileType = sourcecode.swift; path = TactiCoreAI/WidgetsPlaceholder/WidgetsPlaceholder.swift; sourceTree = "<group>"; };
		200000000000000000000035 /* WatchPlaceholder.swift */ = {isa = PBXFileReference; lastKnownFileType = sourcecode.swift; path = TactiCoreAI/WatchPlaceholder/WatchPlaceholder.swift; sourceTree = "<group>"; };
/* End PBXFileReference section */

/* Begin PBXFrameworksBuildPhase section */
		500000000000000000000002 /* Frameworks */ = {
			isa = PBXFrameworksBuildPhase;
			buildActionMask = 2147483647;
			files = (
			);
			runOnlyForDeploymentPostprocessing = 0;
		};
/* End PBXFrameworksBuildPhase section */

/* Begin PBXGroup section */
		300000000000000000000001 = {
			isa = PBXGroup;
			children = (
				200000000000000000000001 /* TactiCoreAIApp.swift */,
				200000000000000000000002 /* TactiCoreModels.swift */,
				200000000000000000000003 /* AIService.swift */,
				200000000000000000000004 /* AppServices.swift */,
				200000000000000000000005 /* VoiceServices.swift */,
				200000000000000000000006 /* TacticalEnginePlaceholder.swift */,
				200000000000000000000007 /* HumanAssetCatalog.swift */,
				200000000000000000000008 /* CoachingDisclaimer.swift */,
				200000000000000000000009 /* BrandSystem.swift */,
				200000000000000000000010 /* CoreComponents.swift */,
				200000000000000000000011 /* PitchAndAnimationComponents.swift */,
				200000000000000000000012 /* OnboardingViewModel.swift */,
				200000000000000000000013 /* DashboardViewModel.swift */,
				200000000000000000000014 /* SessionGeneratorViewModel.swift */,
				200000000000000000000015 /* VoiceInputViewModel.swift */,
				200000000000000000000016 /* MatchAnalysisViewModel.swift */,
				200000000000000000000017 /* PlayerDevelopmentViewModel.swift */,
				200000000000000000000018 /* AssistantViewModel.swift */,
				200000000000000000000019 /* AppShellView.swift */,
				200000000000000000000020 /* OnboardingView.swift */,
				200000000000000000000021 /* DashboardView.swift */,
				200000000000000000000022 /* AISessionGeneratorView.swift */,
				200000000000000000000023 /* AnimatedDrillEngineView.swift */,
				200000000000000000000024 /* VoiceInputView.swift */,
				200000000000000000000025 /* TacticalBoardScreen.swift */,
				200000000000000000000026 /* MatchAnalysisView.swift */,
				200000000000000000000027 /* PlayerDevelopmentView.swift */,
				200000000000000000000028 /* SessionLibraryView.swift */,
				200000000000000000000029 /* AnalyticsDashboardView.swift */,
				200000000000000000000030 /* ShareGraphicsView.swift */,
				200000000000000000000031 /* AICoachingAssistantView.swift */,
				200000000000000000000032 /* PaywallView.swift */,
				200000000000000000000033 /* SettingsView.swift */,
				200000000000000000000034 /* WidgetsPlaceholder.swift */,
				200000000000000000000035 /* WatchPlaceholder.swift */,
				300000000000000000000002 /* Products */,
			);
			sourceTree = "<group>";
		};
		300000000000000000000002 /* Products */ = {
			isa = PBXGroup;
			children = (
				200000000000000000000000 /* TactiCoreAI.app */,
			);
			name = Products;
			sourceTree = "<group>";
		};
/* End PBXGroup section */

/* Begin PBXNativeTarget section */
		400000000000000000000001 /* TactiCoreAI */ = {
			isa = PBXNativeTarget;
			buildConfigurationList = 600000000000000000000003 /* Build configuration list for PBXNativeTarget "TactiCoreAI" */;
			buildPhases = (
				500000000000000000000001 /* Sources */,
				500000000000000000000002 /* Frameworks */,
				500000000000000000000003 /* Resources */,
			);
			buildRules = (
			);
			dependencies = (
			);
			name = TactiCoreAI;
			productName = TactiCoreAI;
			productReference = 200000000000000000000000 /* TactiCoreAI.app */;
			productType = "com.apple.product-type.application";
		};
/* End PBXNativeTarget section */

/* Begin PBXProject section */
		400000000000000000000000 /* Project object */ = {
			isa = PBXProject;
			attributes = {
				BuildIndependentTargetsInParallel = 1;
				LastSwiftUpdateCheck = 1600;
				LastUpgradeCheck = 1600;
				TargetAttributes = {
					400000000000000000000001 = {
						CreatedOnToolsVersion = 16.0;
					};
				};
			};
			buildConfigurationList = 600000000000000000000000 /* Build configuration list for PBXProject "TactiCoreAI" */;
			compatibilityVersion = "Xcode 14.0";
			developmentRegion = en;
			hasScannedForEncodings = 0;
			knownRegions = (
				en,
				Base,
			);
			mainGroup = 300000000000000000000001;
			productRefGroup = 300000000000000000000002 /* Products */;
			projectDirPath = "";
			projectRoot = "";
			targets = (
				400000000000000000000001 /* TactiCoreAI */,
			);
		};
/* End PBXProject section */

/* Begin PBXResourcesBuildPhase section */
		500000000000000000000003 /* Resources */ = {
			isa = PBXResourcesBuildPhase;
			buildActionMask = 2147483647;
			files = (
			);
			runOnlyForDeploymentPostprocessing = 0;
		};
/* End PBXResourcesBuildPhase section */

/* Begin PBXSourcesBuildPhase section */
		500000000000000000000001 /* Sources */ = {
			isa = PBXSourcesBuildPhase;
			buildActionMask = 2147483647;
			files = (
				100000000000000000000001 /* TactiCoreAIApp.swift in Sources */,
				100000000000000000000002 /* TactiCoreModels.swift in Sources */,
				100000000000000000000003 /* AIService.swift in Sources */,
				100000000000000000000004 /* AppServices.swift in Sources */,
				100000000000000000000005 /* VoiceServices.swift in Sources */,
				100000000000000000000006 /* TacticalEnginePlaceholder.swift in Sources */,
				100000000000000000000007 /* HumanAssetCatalog.swift in Sources */,
				100000000000000000000008 /* CoachingDisclaimer.swift in Sources */,
				100000000000000000000009 /* BrandSystem.swift in Sources */,
				100000000000000000000010 /* CoreComponents.swift in Sources */,
				100000000000000000000011 /* PitchAndAnimationComponents.swift in Sources */,
				100000000000000000000012 /* OnboardingViewModel.swift in Sources */,
				100000000000000000000013 /* DashboardViewModel.swift in Sources */,
				100000000000000000000014 /* SessionGeneratorViewModel.swift in Sources */,
				100000000000000000000015 /* VoiceInputViewModel.swift in Sources */,
				100000000000000000000016 /* MatchAnalysisViewModel.swift in Sources */,
				100000000000000000000017 /* PlayerDevelopmentViewModel.swift in Sources */,
				100000000000000000000018 /* AssistantViewModel.swift in Sources */,
				100000000000000000000019 /* AppShellView.swift in Sources */,
				100000000000000000000020 /* OnboardingView.swift in Sources */,
				100000000000000000000021 /* DashboardView.swift in Sources */,
				100000000000000000000022 /* AISessionGeneratorView.swift in Sources */,
				100000000000000000000023 /* AnimatedDrillEngineView.swift in Sources */,
				100000000000000000000024 /* VoiceInputView.swift in Sources */,
				100000000000000000000025 /* TacticalBoardScreen.swift in Sources */,
				100000000000000000000026 /* MatchAnalysisView.swift in Sources */,
				100000000000000000000027 /* PlayerDevelopmentView.swift in Sources */,
				100000000000000000000028 /* SessionLibraryView.swift in Sources */,
				100000000000000000000029 /* AnalyticsDashboardView.swift in Sources */,
				100000000000000000000030 /* ShareGraphicsView.swift in Sources */,
				100000000000000000000031 /* AICoachingAssistantView.swift in Sources */,
				100000000000000000000032 /* PaywallView.swift in Sources */,
				100000000000000000000033 /* SettingsView.swift in Sources */,
				100000000000000000000034 /* WidgetsPlaceholder.swift in Sources */,
				100000000000000000000035 /* WatchPlaceholder.swift in Sources */,
			);
			runOnlyForDeploymentPostprocessing = 0;
		};
/* End PBXSourcesBuildPhase section */

/* Begin XCBuildConfiguration section */
		600000000000000000000001 /* Debug */ = {
			isa = XCBuildConfiguration;
			buildSettings = {
				ALWAYS_SEARCH_USER_PATHS = NO;
				CLANG_ANALYZER_NONNULL = YES;
				CLANG_ANALYZER_NUMBER_OBJECT_CONVERSION = YES_AGGRESSIVE;
				CLANG_CXX_LANGUAGE_STANDARD = "gnu++20";
				CLANG_ENABLE_MODULES = YES;
				CLANG_ENABLE_OBJC_ARC = YES;
				CLANG_ENABLE_OBJC_WEAK = YES;
				CLANG_WARN_BLOCK_CAPTURE_AUTORELEASING = YES;
				CLANG_WARN_BOOL_CONVERSION = YES;
				CLANG_WARN_COMMA = YES;
				CLANG_WARN_CONSTANT_CONVERSION = YES;
				CLANG_WARN_DEPRECATED_OBJC_IMPLEMENTATIONS = YES;
				CLANG_WARN_DIRECT_OBJC_ISA_USAGE = YES_ERROR;
				CLANG_WARN_DOCUMENTATION_COMMENTS = YES;
				CLANG_WARN_EMPTY_BODY = YES;
				CLANG_WARN_ENUM_CONVERSION = YES;
				CLANG_WARN_INFINITE_RECURSION = YES;
				CLANG_WARN_INT_CONVERSION = YES;
				CLANG_WARN_NON_LITERAL_NULL_CONVERSION = YES;
				CLANG_WARN_OBJC_IMPLICIT_RETAIN_SELF = YES;
				CLANG_WARN_OBJC_LITERAL_CONVERSION = YES;
				CLANG_WARN_OBJC_ROOT_CLASS = YES_ERROR;
				CLANG_WARN_QUOTED_INCLUDE_IN_FRAMEWORK_HEADER = YES;
				CLANG_WARN_RANGE_LOOP_ANALYSIS = YES;
				CLANG_WARN_STRICT_PROTOTYPES = YES;
				CLANG_WARN_SUSPICIOUS_MOVE = YES;
				CLANG_WARN_UNGUARDED_AVAILABILITY = YES_AGGRESSIVE;
				CLANG_WARN_UNREACHABLE_CODE = YES;
				CLANG_WARN__DUPLICATE_METHOD_MATCH = YES;
				COPY_PHASE_STRIP = NO;
				DEBUG_INFORMATION_FORMAT = dwarf;
				ENABLE_STRICT_OBJC_MSGSEND = YES;
				ENABLE_TESTABILITY = YES;
				GCC_C_LANGUAGE_STANDARD = gnu17;
				GCC_DYNAMIC_NO_PIC = NO;
				GCC_NO_COMMON_BLOCKS = YES;
				GCC_OPTIMIZATION_LEVEL = 0;
				GCC_PREPROCESSOR_DEFINITIONS = (
					"DEBUG=1",
					"$(inherited)",
				);
				GCC_WARN_64_TO_32_BIT_CONVERSION = YES;
				GCC_WARN_ABOUT_RETURN_TYPE = YES_ERROR;
				GCC_WARN_UNDECLARED_SELECTOR = YES;
				GCC_WARN_UNINITIALIZED_AUTOS = YES_AGGRESSIVE;
				GCC_WARN_UNUSED_FUNCTION = YES;
				GCC_WARN_UNUSED_VARIABLE = YES;
				IPHONEOS_DEPLOYMENT_TARGET = 17.0;
				MTL_ENABLE_DEBUG_INFO = INCLUDE_SOURCE;
				MTL_FAST_MATH = YES;
				ONLY_ACTIVE_ARCH = YES;
				SDKROOT = iphoneos;
				SWIFT_ACTIVE_COMPILATION_CONDITIONS = DEBUG;
			};
			name = Debug;
		};
		600000000000000000000002 /* Release */ = {
			isa = XCBuildConfiguration;
			buildSettings = {
				ALWAYS_SEARCH_USER_PATHS = NO;
				CLANG_ANALYZER_NONNULL = YES;
				CLANG_ANALYZER_NUMBER_OBJECT_CONVERSION = YES_AGGRESSIVE;
				CLANG_CXX_LANGUAGE_STANDARD = "gnu++20";
				CLANG_ENABLE_MODULES = YES;
				CLANG_ENABLE_OBJC_ARC = YES;
				CLANG_ENABLE_OBJC_WEAK = YES;
				CLANG_WARN_BLOCK_CAPTURE_AUTORELEASING = YES;
				CLANG_WARN_BOOL_CONVERSION = YES;
				CLANG_WARN_COMMA = YES;
				CLANG_WARN_CONSTANT_CONVERSION = YES;
				CLANG_WARN_DEPRECATED_OBJC_IMPLEMENTATIONS = YES;
				CLANG_WARN_DIRECT_OBJC_ISA_USAGE = YES_ERROR;
				CLANG_WARN_DOCUMENTATION_COMMENTS = YES;
				CLANG_WARN_EMPTY_BODY = YES;
				CLANG_WARN_ENUM_CONVERSION = YES;
				CLANG_WARN_INFINITE_RECURSION = YES;
				CLANG_WARN_INT_CONVERSION = YES;
				CLANG_WARN_NON_LITERAL_NULL_CONVERSION = YES;
				CLANG_WARN_OBJC_IMPLICIT_RETAIN_SELF = YES;
				CLANG_WARN_OBJC_LITERAL_CONVERSION = YES;
				CLANG_WARN_OBJC_ROOT_CLASS = YES_ERROR;
				CLANG_WARN_QUOTED_INCLUDE_IN_FRAMEWORK_HEADER = YES;
				CLANG_WARN_RANGE_LOOP_ANALYSIS = YES;
				CLANG_WARN_STRICT_PROTOTYPES = YES;
				CLANG_WARN_SUSPICIOUS_MOVE = YES;
				CLANG_WARN_UNGUARDED_AVAILABILITY = YES_AGGRESSIVE;
				CLANG_WARN_UNREACHABLE_CODE = YES;
				CLANG_WARN__DUPLICATE_METHOD_MATCH = YES;
				COPY_PHASE_STRIP = NO;
				DEBUG_INFORMATION_FORMAT = "dwarf-with-dsym";
				ENABLE_NS_ASSERTIONS = NO;
				ENABLE_STRICT_OBJC_MSGSEND = YES;
				GCC_C_LANGUAGE_STANDARD = gnu17;
				GCC_NO_COMMON_BLOCKS = YES;
				GCC_WARN_64_TO_32_BIT_CONVERSION = YES;
				GCC_WARN_ABOUT_RETURN_TYPE = YES_ERROR;
				GCC_WARN_UNDECLARED_SELECTOR = YES;
				GCC_WARN_UNINITIALIZED_AUTOS = YES_AGGRESSIVE;
				GCC_WARN_UNUSED_FUNCTION = YES;
				GCC_WARN_UNUSED_VARIABLE = YES;
				IPHONEOS_DEPLOYMENT_TARGET = 17.0;
				MTL_ENABLE_DEBUG_INFO = NO;
				MTL_FAST_MATH = YES;
				SDKROOT = iphoneos;
				SWIFT_COMPILATION_MODE = wholemodule;
				VALIDATE_PRODUCT = YES;
			};
			name = Release;
		};
		600000000000000000000004 /* Debug */ = {
			isa = XCBuildConfiguration;
			buildSettings = {
				ASSETCATALOG_COMPILER_GLOBAL_ACCENT_COLOR_NAME = AccentColor;
				CODE_SIGN_STYLE = Automatic;
				CURRENT_PROJECT_VERSION = 1;
				DEVELOPMENT_ASSET_PATHS = "";
				DEVELOPMENT_TEAM = "";
				ENABLE_PREVIEWS = YES;
				GENERATE_INFOPLIST_FILE = YES;
				INFOPLIST_KEY_CFBundleDisplayName = "TactiCore AI";
				INFOPLIST_KEY_ITSAppUsesNonExemptEncryption = NO;
				INFOPLIST_KEY_LSApplicationCategoryType = "public.app-category.sports";
				INFOPLIST_KEY_NSMicrophoneUsageDescription = "TactiCore AI uses the microphone so coaches can dictate session ideas, match notes, and coaching observations.";
				INFOPLIST_KEY_NSSpeechRecognitionUsageDescription = "TactiCore AI uses speech recognition to convert coaching voice notes into structured training content.";
				INFOPLIST_KEY_UIApplicationSceneManifest_Generation = YES;
				INFOPLIST_KEY_UIApplicationSupportsIndirectInputEvents = YES;
				INFOPLIST_KEY_UILaunchScreen_Generation = YES;
				INFOPLIST_KEY_UISupportedInterfaceOrientations_iPad = "UIInterfaceOrientationPortrait UIInterfaceOrientationPortraitUpsideDown UIInterfaceOrientationLandscapeLeft UIInterfaceOrientationLandscapeRight";
				INFOPLIST_KEY_UISupportedInterfaceOrientations_iPhone = "UIInterfaceOrientationPortrait UIInterfaceOrientationLandscapeLeft UIInterfaceOrientationLandscapeRight";
				IPHONEOS_DEPLOYMENT_TARGET = 17.0;
				LD_RUNPATH_SEARCH_PATHS = (
					"$(inherited)",
					"@executable_path/Frameworks",
				);
				MARKETING_VERSION = 1.0;
				PRODUCT_BUNDLE_IDENTIFIER = com.tacticoreai.app;
				PRODUCT_NAME = "$(TARGET_NAME)";
				SUPPORTED_PLATFORMS = "iphoneos iphonesimulator";
				SUPPORTS_MACCATALYST = NO;
				SWIFT_EMIT_LOC_STRINGS = YES;
				SWIFT_VERSION = 5.0;
				TARGETED_DEVICE_FAMILY = "1,2";
			};
			name = Debug;
		};
		600000000000000000000005 /* Release */ = {
			isa = XCBuildConfiguration;
			buildSettings = {
				ASSETCATALOG_COMPILER_GLOBAL_ACCENT_COLOR_NAME = AccentColor;
				CODE_SIGN_STYLE = Automatic;
				CURRENT_PROJECT_VERSION = 1;
				DEVELOPMENT_ASSET_PATHS = "";
				DEVELOPMENT_TEAM = "";
				ENABLE_PREVIEWS = YES;
				GENERATE_INFOPLIST_FILE = YES;
				INFOPLIST_KEY_CFBundleDisplayName = "TactiCore AI";
				INFOPLIST_KEY_ITSAppUsesNonExemptEncryption = NO;
				INFOPLIST_KEY_LSApplicationCategoryType = "public.app-category.sports";
				INFOPLIST_KEY_NSMicrophoneUsageDescription = "TactiCore AI uses the microphone so coaches can dictate session ideas, match notes, and coaching observations.";
				INFOPLIST_KEY_NSSpeechRecognitionUsageDescription = "TactiCore AI uses speech recognition to convert coaching voice notes into structured training content.";
				INFOPLIST_KEY_UIApplicationSceneManifest_Generation = YES;
				INFOPLIST_KEY_UIApplicationSupportsIndirectInputEvents = YES;
				INFOPLIST_KEY_UILaunchScreen_Generation = YES;
				INFOPLIST_KEY_UISupportedInterfaceOrientations_iPad = "UIInterfaceOrientationPortrait UIInterfaceOrientationPortraitUpsideDown UIInterfaceOrientationLandscapeLeft UIInterfaceOrientationLandscapeRight";
				INFOPLIST_KEY_UISupportedInterfaceOrientations_iPhone = "UIInterfaceOrientationPortrait UIInterfaceOrientationLandscapeLeft UIInterfaceOrientationLandscapeRight";
				IPHONEOS_DEPLOYMENT_TARGET = 17.0;
				LD_RUNPATH_SEARCH_PATHS = (
					"$(inherited)",
					"@executable_path/Frameworks",
				);
				MARKETING_VERSION = 1.0;
				PRODUCT_BUNDLE_IDENTIFIER = com.tacticoreai.app;
				PRODUCT_NAME = "$(TARGET_NAME)";
				SUPPORTED_PLATFORMS = "iphoneos iphonesimulator";
				SUPPORTS_MACCATALYST = NO;
				SWIFT_EMIT_LOC_STRINGS = YES;
				SWIFT_VERSION = 5.0;
				TARGETED_DEVICE_FAMILY = "1,2";
			};
			name = Release;
		};
/* End XCBuildConfiguration section */

/* Begin XCConfigurationList section */
		600000000000000000000000 /* Build configuration list for PBXProject "TactiCoreAI" */ = {
			isa = XCConfigurationList;
			buildConfigurations = (
				600000000000000000000001 /* Debug */,
				600000000000000000000002 /* Release */,
			);
			defaultConfigurationIsVisible = 0;
			defaultConfigurationName = Release;
		};
		600000000000000000000003 /* Build configuration list for PBXNativeTarget "TactiCoreAI" */ = {
			isa = XCConfigurationList;
			buildConfigurations = (
				600000000000000000000004 /* Debug */,
				600000000000000000000005 /* Release */,
			);
			defaultConfigurationIsVisible = 0;
			defaultConfigurationName = Release;
		};
/* End XCConfigurationList section */
	};
	rootObject = 400000000000000000000000 /* Project object */;
}
